
Microsoft Visual Studio Solution File, Format Version 12.00
# Visual Studio Version 17
VisualStudioVersion = 17.7.34024.191
MinimumVisualStudioVersion = 10.0.40219.1
Project("{FAE04EC0-301F-11D3-BF4B-00C04F79EFBC}") = "CreativeFlight", "CreativeFlight\CreativeFlight.csproj", "{A80E7664-9D15-4B04-8455-6EA1C6F5595B}"
EndProject
Global
	GlobalSection(SolutionConfigurationPlatforms) = preSolution
		Debug|Any CPU = Debug|Any CPU
		Release|Any CPU = Release|Any CPU
	EndGlobalSection
	GlobalSection(ProjectConfigurationPlatforms) = postSolution
		{A80E7664-9D15-4B04-8455-6EA1C6F5595B}.Debug|Any CPU.ActiveCfg = Debug|Any CPU
		{A80E7664-9D15-4B04-8455-6EA1C6F5595B}.Debug|Any CPU.Build.0 = Debug|Any CPU
		{A80E7664-9D15-4B04-8455-6EA1C6F5595B}.Release|Any CPU.ActiveCfg = Release|Any CPU
		{A80E7664-9D15-4B04-8455-6EA1C6F5595B}.Release|Any CPU.Build.0 = Release|Any CPU
	EndGlobalSection
	GlobalSection(SolutionProperties) = preSolution
		HideSolutionNode = FALSE
	EndGlobalSection
	GlobalSection(ExtensibilityGlobals) = postSolution
		SolutionGuid = {5B8225AD-43EA-433A-9538-166352904891}
	EndGlobalSection
EndGlobal
